
Microsoft Visual Studio Solution File, Format Version 12.00
# Visual Studio Version 17
VisualStudioVersion = 17.10.35122.118
MinimumVisualStudioVersion = 10.0.40219.1
Project("{FAE04EC0-301F-11D3-BF4B-00C04F79EFBC}") = "Uploader", "Uploader\Uploader.csproj", "{2E4EC386-0142-4346-976E-375989366E5A}"
EndProject
Global
	GlobalSection(SolutionConfigurationPlatforms) = preSolution
		Debug|Any CPU = Debug|Any CPU
		Release|Any CPU = Release|Any CPU
	EndGlobalSection
	GlobalSection(ProjectConfigurationPlatforms) = postSolution
		{2E4EC386-0142-4346-976E-375989366E5A}.Debug|Any CPU.ActiveCfg = Debug|Any CPU
		{2E4EC386-0142-4346-976E-375989366E5A}.Debug|Any CPU.Build.0 = Debug|Any CPU
		{2E4EC386-0142-4346-976E-375989366E5A}.Release|Any CPU.ActiveCfg = Release|Any CPU
		{2E4EC386-0142-4346-976E-375989366E5A}.Release|Any CPU.Build.0 = Release|Any CPU
	EndGlobalSection
	GlobalSection(SolutionProperties) = preSolution
		HideSolutionNode = FALSE
	EndGlobalSection
	GlobalSection(ExtensibilityGlobals) = postSolution
		SolutionGuid = {84FDFF31-2548-416F-9E55-FFBDE3386171}
	EndGlobalSection
EndGlobal
